
Microsoft Visual Studio Solution File, Format Version 12.00
# Visual Studio 15
VisualStudioVersion = 15.0.27428.2015
MinimumVisualStudioVersion = 10.0.40219.1
Project("{FAE04EC0-301F-11D3-BF4B-00C04F79EFBC}") = "RezerwacjaSal", "RezerwacjaSal\RezerwacjaSal.csproj", "{13D3C5B6-205A-4275-A465-3F92A71240D1}"
EndProject
Global
	GlobalSection(SolutionConfigurationPlatforms) = preSolution
		Debug|Any CPU = Debug|Any CPU
		Release|Any CPU = Release|Any CPU
	EndGlobalSection
	GlobalSection(ProjectConfigurationPlatforms) = postSolution
		{13D3C5B6-205A-4275-A465-3F92A71240D1}.Debug|Any CPU.ActiveCfg = Debug|Any CPU
		{13D3C5B6-205A-4275-A465-3F92A71240D1}.Debug|Any CPU.Build.0 = Debug|Any CPU
		{13D3C5B6-205A-4275-A465-3F92A71240D1}.Release|Any CPU.ActiveCfg = Release|Any CPU
		{13D3C5B6-205A-4275-A465-3F92A71240D1}.Release|Any CPU.Build.0 = Release|Any CPU
	EndGlobalSection
	GlobalSection(SolutionProperties) = preSolution
		HideSolutionNode = FALSE
	EndGlobalSection
	GlobalSection(ExtensibilityGlobals) = postSolution
		SolutionGuid = {E1DE576C-3A27-4CF5-8317-5DBCDFEF1C47}
	EndGlobalSection
EndGlobal
